# THIS IS AN AUTOGENERATED FILE. DO NOT EDIT THIS FILE DIRECTLY.
# yarn lockfile v1


colors@*:
  version "1.3.2"
  resolved "https://registry.yarnpkg.com/colors/-/colors-1.3.2.tgz#2df8ff573dfbf255af562f8ce7181d6b971a359b"

dijkstrajs@^1.0.1:
  version "1.0.1"
  resolved "https://registry.yarnpkg.com/dijkstrajs/-/dijkstrajs-1.0.1.tgz#d3cd81221e3ea40742cfcde556d4e99e98ddc71b"

isarray@^2.0.1:
  version "2.0.4"
  resolved "https://registry.yarnpkg.com/isarray/-/isarray-2.0.4.tgz#38e7bcbb0f3ba1b7933c86ba1894ddfc3781bbb7"

jquery-dateformat@^1.0.3:
  version "1.0.3"
  resolved "https://registry.yarnpkg.com/jquery-dateformat/-/jquery-dateformat-1.0.3.tgz#31f21dac18e8b921e5c9b12de0be80128bd9b77e"

pngjs@^2.3.1:
  version "2.3.1"
  resolved "https://registry.yarnpkg.com/pngjs/-/pngjs-2.3.1.tgz#11d1e12b9cb64d63e30c143a330f4c1f567da85f"

qrcode@^0.9.0:
  version "0.9.0"
  resolved "https://registry.yarnpkg.com/qrcode/-/qrcode-0.9.0.tgz#4bdc1d21ad655c3101b5bb29e2e4c9d6416825fb"
  dependencies:
    colors "*"
    dijkstrajs "^1.0.1"
    isarray "^2.0.1"
    pngjs "^2.3.1"
